
Microsoft Visual Studio Solution File, Format Version 12.00
# Visual Studio Version 17
VisualStudioVersion = 17.8.34322.80
MinimumVisualStudioVersion = 10.0.40219.1
Project("{9A19103F-16F7-4668-BE54-9A1E7A4F7556}") = "Environments", "Environments\Environments.csproj", "{B0ACAA07-1BEF-4A33-A5D2-9595E796FBBC}"
EndProject
Project("{9A19103F-16F7-4668-BE54-9A1E7A4F7556}") = "Logging", "Logging\Logging.csproj", "{F6FF3FBE-CC34-443E-9A76-1E1C88F3E8AA}"
EndProject
Project("{FAE04EC0-301F-11D3-BF4B-00C04F79EFBC}") = "EmailSender", "EmailSender\EmailSender.csproj", "{1E8E53F6-AC5E-4D88-8882-21023C54F440}"
EndProject
Global
	GlobalSection(SolutionConfigurationPlatforms) = preSolution
		Debug|Any CPU = Debug|Any CPU
		Release|Any CPU = Release|Any CPU
	EndGlobalSection
	GlobalSection(ProjectConfigurationPlatforms) = postSolution
		{B0ACAA07-1BEF-4A33-A5D2-9595E796FBBC}.Debug|Any CPU.ActiveCfg = Debug|Any CPU
		{B0ACAA07-1BEF-4A33-A5D2-9595E796FBBC}.Debug|Any CPU.Build.0 = Debug|Any CPU
		{B0ACAA07-1BEF-4A33-A5D2-9595E796FBBC}.Release|Any CPU.ActiveCfg = Release|Any CPU
		{B0ACAA07-1BEF-4A33-A5D2-9595E796FBBC}.Release|Any CPU.Build.0 = Release|Any CPU
		{F6FF3FBE-CC34-443E-9A76-1E1C88F3E8AA}.Debug|Any CPU.ActiveCfg = Debug|Any CPU
		{F6FF3FBE-CC34-443E-9A76-1E1C88F3E8AA}.Debug|Any CPU.Build.0 = Debug|Any CPU
		{F6FF3FBE-CC34-443E-9A76-1E1C88F3E8AA}.Release|Any CPU.ActiveCfg = Release|Any CPU
		{F6FF3FBE-CC34-443E-9A76-1E1C88F3E8AA}.Release|Any CPU.Build.0 = Release|Any CPU
		{1E8E53F6-AC5E-4D88-8882-21023C54F440}.Debug|Any CPU.ActiveCfg = Debug|Any CPU
		{1E8E53F6-AC5E-4D88-8882-21023C54F440}.Debug|Any CPU.Build.0 = Debug|Any CPU
		{1E8E53F6-AC5E-4D88-8882-21023C54F440}.Release|Any CPU.ActiveCfg = Release|Any CPU
		{1E8E53F6-AC5E-4D88-8882-21023C54F440}.Release|Any CPU.Build.0 = Release|Any CPU
	EndGlobalSection
	GlobalSection(SolutionProperties) = preSolution
		HideSolutionNode = FALSE
	EndGlobalSection
	GlobalSection(ExtensibilityGlobals) = postSolution
		SolutionGuid = {3E2940B0-C5AF-478B-991B-8299E26340F0}
	EndGlobalSection
EndGlobal
